
Microsoft Visual Studio Solution File, Format Version 12.00
# Visual Studio 14
VisualStudioVersion = 14.0.25420.1
MinimumVisualStudioVersion = 10.0.40219.1
Project("{151D2E53-A2C4-4D7D-83FE-D05416EBD58E}") = "VDC_VNET_TX", "VDC_VNET_TX\VDC_VNET_TX.deployproj", "{D2B120C6-D932-406C-B66D-6C69B0BE0E3F}"
EndProject
Global
	GlobalSection(SolutionConfigurationPlatforms) = preSolution
		Debug|Any CPU = Debug|Any CPU
		Release|Any CPU = Release|Any CPU
	EndGlobalSection
	GlobalSection(ProjectConfigurationPlatforms) = postSolution
		{D2B120C6-D932-406C-B66D-6C69B0BE0E3F}.Debug|Any CPU.ActiveCfg = Debug|Any CPU
		{D2B120C6-D932-406C-B66D-6C69B0BE0E3F}.Debug|Any CPU.Build.0 = Debug|Any CPU
		{D2B120C6-D932-406C-B66D-6C69B0BE0E3F}.Release|Any CPU.ActiveCfg = Release|Any CPU
		{D2B120C6-D932-406C-B66D-6C69B0BE0E3F}.Release|Any CPU.Build.0 = Release|Any CPU
	EndGlobalSection
	GlobalSection(SolutionProperties) = preSolution
		HideSolutionNode = FALSE
	EndGlobalSection
EndGlobal
