
Microsoft Visual Studio Solution File, Format Version 12.00
# Visual Studio 14
VisualStudioVersion = 14.0.25420.1
MinimumVisualStudioVersion = 10.0.40219.1
Project("{151D2E53-A2C4-4D7D-83FE-D05416EBD58E}") = "AzureResourceGroup1", "AzureResourceGroup1\AzureResourceGroup1.deployproj", "{69F736CD-0072-45E3-AB25-AAB2E0A450BD}"
EndProject
Global
	GlobalSection(SolutionConfigurationPlatforms) = preSolution
		Debug|Any CPU = Debug|Any CPU
		Release|Any CPU = Release|Any CPU
	EndGlobalSection
	GlobalSection(ProjectConfigurationPlatforms) = postSolution
		{69F736CD-0072-45E3-AB25-AAB2E0A450BD}.Debug|Any CPU.ActiveCfg = Debug|Any CPU
		{69F736CD-0072-45E3-AB25-AAB2E0A450BD}.Debug|Any CPU.Build.0 = Debug|Any CPU
		{69F736CD-0072-45E3-AB25-AAB2E0A450BD}.Release|Any CPU.ActiveCfg = Release|Any CPU
		{69F736CD-0072-45E3-AB25-AAB2E0A450BD}.Release|Any CPU.Build.0 = Release|Any CPU
	EndGlobalSection
	GlobalSection(SolutionProperties) = preSolution
		HideSolutionNode = FALSE
	EndGlobalSection
EndGlobal
